
Microsoft Visual Studio Solution File, Format Version 12.00
# Visual Studio Version 17
VisualStudioVersion = 17.5.002.0
MinimumVisualStudioVersion = 10.0.40219.1
Project("{9A19103F-16F7-4668-BE54-9A1E7A4F7556}") = "EmployeeData", "EmployeeData.csproj", "{9907C175-FD33-4CFC-9E9C-01A2F12EF694}"
EndProject
Global
	GlobalSection(SolutionConfigurationPlatforms) = preSolution
		Debug|Any CPU = Debug|Any CPU
		Release|Any CPU = Release|Any CPU
	EndGlobalSection
	GlobalSection(ProjectConfigurationPlatforms) = postSolution
		{9907C175-FD33-4CFC-9E9C-01A2F12EF694}.Debug|Any CPU.ActiveCfg = Debug|Any CPU
		{9907C175-FD33-4CFC-9E9C-01A2F12EF694}.Debug|Any CPU.Build.0 = Debug|Any CPU
		{9907C175-FD33-4CFC-9E9C-01A2F12EF694}.Release|Any CPU.ActiveCfg = Release|Any CPU
		{9907C175-FD33-4CFC-9E9C-01A2F12EF694}.Release|Any CPU.Build.0 = Release|Any CPU
	EndGlobalSection
	GlobalSection(SolutionProperties) = preSolution
		HideSolutionNode = FALSE
	EndGlobalSection
	GlobalSection(ExtensibilityGlobals) = postSolution
		SolutionGuid = {4708DD5E-810D-4EED-B1AD-65772003CEDC}
	EndGlobalSection
EndGlobal
